%{"cache_tab": {:hex, :cache_tab, "1.0.3", "0e3c40dde2fe2a6a4db241d7583cea0cc1bcf29e546a0a22f15b75366b2f336e", [:rebar3], [{:p1_utils, "1.0.4", [hex: :p1_utils, optional: false]}]},
  "certifi": {:hex, :certifi, "0.4.0", "a7966efb868b179023618d29a407548f70c52466bf1849b9e8ebd0e34b7ea11f", [:rebar3], []},
  "connection": {:hex, :connection, "1.0.3", "3145f7416be3df248a4935f24e3221dc467c1e3a158d62015b35bd54da365786", [:mix], []},
  "earmark": {:hex, :earmark, "0.2.1", "ba6d26ceb16106d069b289df66751734802777a3cbb6787026dd800ffeb850f3", [:mix], []},
  "ejabberd": {:hex, :ejabberd, "16.6.2", "8d9570b42eae8c2089023616e97ce011761ad6a13075d34efcad4d7aa437686b", [:mix], [{:eredis, "~> 1.0", [hex: :eredis, optional: false]}, {:iconv, "~> 1.0", [hex: :iconv, optional: false]}, {:ezlib, "~> 1.0", [hex: :ezlib, optional: false]}, {:sqlite3, "~> 1.1", [hex: :sqlite3, optional: false]}, {:p1_pgsql, "~> 1.1", [hex: :p1_pgsql, optional: false]}, {:p1_mysql, "~> 1.0", [hex: :p1_mysql, optional: false]}, {:p1_xmlrpc, "~> 1.15", [hex: :p1_xmlrpc, optional: false]}, {:p1_oauth2, "~> 0.6.1", [hex: :p1_oauth2, optional: false]}, {:jiffy, "~> 0.14.7", [hex: :jiffy, optional: false]}, {:esip, "~> 1.0", [hex: :esip, optional: false]}, {:stun, "~> 1.0", [hex: :stun, optional: false]}, {:fast_xml, "~> 1.1", [hex: :fast_xml, optional: false]}, {:fast_tls, "~> 1.0", [hex: :fast_tls, optional: false]}, {:fast_yaml, "~> 1.0", [hex: :fast_yaml, optional: false]}, {:stringprep, "~> 1.0", [hex: :stringprep, optional: false]}, {:cache_tab, "~> 1.0", [hex: :cache_tab, optional: false]}, {:p1_utils, "~> 1.0", [hex: :p1_utils, optional: false]}, {:lager, "~> 3.0.0", [hex: :lager, optional: false]}]},
  "eredis": {:hex, :eredis, "1.0.8", "ab4fda1c4ba7fbe6c19c26c249dc13da916d762502c4b4fa2df401a8d51c5364", [:rebar], []},
  "esip": {:hex, :esip, "1.0.7", "f75f6a5cac6814e506f0ff96141fbe276dee3261fca1471c8edfdde25b74f877", [:rebar3], [{:stun, "1.0.6", [hex: :stun, optional: false]}, {:p1_utils, "1.0.4", [hex: :p1_utils, optional: false]}, {:fast_tls, "1.0.6", [hex: :fast_tls, optional: false]}]},
  "ex_doc": {:hex, :ex_doc, "0.12.0", "b774aabfede4af31c0301aece12371cbd25995a21bb3d71d66f5c2fe074c603f", [:mix], [{:earmark, "~> 0.2", [hex: :earmark, optional: false]}]},
  "excoveralls": {:hex, :excoveralls, "0.5.5", "d97b6fc7aa59c5f04f2fa7ec40fc0b7555ceea2a5f7e7c442aad98ddd7f79002", [:mix], [{:hackney, ">= 0.12.0", [hex: :hackney, optional: false]}, {:exjsx, "~> 3.0", [hex: :exjsx, optional: false]}]},
  "exjsx": {:hex, :exjsx, "3.2.0", "7136cc739ace295fc74c378f33699e5145bead4fdc1b4799822d0287489136fb", [:mix], [{:jsx, "~> 2.6.2", [hex: :jsx, optional: false]}]},
  "ezlib": {:hex, :ezlib, "1.0.1", "add8b2770a1a70c174aaea082b4a8668c0c7fdb03ee6cc81c6c68d3a6c3d767d", [:rebar3], []},
  "fast_tls": {:hex, :fast_tls, "1.0.6", "750a74aabb05056f0f222910f0955883649e6c5d67df6ca504ff676160d22b89", [:rebar3], [{:p1_utils, "1.0.4", [hex: :p1_utils, optional: false]}]},
  "fast_xml": {:hex, :fast_xml, "1.1.14", "23d4de66e645bca1d8a557444e83062cc42f235d7a7e2d4072d525bac3986f04", [:rebar3], [{:p1_utils, "1.0.4", [hex: :p1_utils, optional: false]}]},
  "fast_yaml": {:hex, :fast_yaml, "1.0.5", "a67772c75abb84181c6c9899e1f988b08ac214ea0d764ff1f9889bb7e27f74d4", [:rebar3], [{:p1_utils, "1.0.4", [hex: :p1_utils, optional: false]}]},
  "goldrush": {:hex, :goldrush, "0.1.7", "349a351d17c71c2fdaa18a6c2697562abe136fec945f147b381f0cf313160228", [:rebar3], []},
  "hackney": {:hex, :hackney, "1.6.1", "ddd22d42db2b50e6a155439c8811b8f6df61a4395de10509714ad2751c6da817", [:rebar3], [{:ssl_verify_fun, "1.1.0", [hex: :ssl_verify_fun, optional: false]}, {:mimerl, "1.0.2", [hex: :mimerl, optional: false]}, {:metrics, "1.0.1", [hex: :metrics, optional: false]}, {:idna, "1.2.0", [hex: :idna, optional: false]}, {:certifi, "0.4.0", [hex: :certifi, optional: false]}]},
  "iconv": {:hex, :iconv, "1.0.1", "dbb8700070577e7a021a095cc5ead221069a0c4034bfadca2516c1f1109ee7fd", [:rebar3], [{:p1_utils, "1.0.4", [hex: :p1_utils, optional: false]}]},
  "idna": {:hex, :idna, "1.2.0", "ac62ee99da068f43c50dc69acf700e03a62a348360126260e87f2b54eced86b2", [:rebar3], []},
  "jiffy": {:hex, :jiffy, "0.14.7", "9f33b893edd6041ceae03bc1e50b412e858cc80b46f3d7535a7a9940a79a1c37", [:rebar, :make], []},
  "jsx": {:hex, :jsx, "2.6.2", "213721e058da0587a4bce3cc8a00ff6684ced229c8f9223245c6ff2c88fbaa5a", [:mix, :rebar], []},
  "lager": {:hex, :lager, "3.0.2", "25dc81bc3659b62f5ab9bd073e97ddd894fc4c242019fccef96f3889d7366c97", [:rebar3], [{:goldrush, "0.1.7", [hex: :goldrush, optional: false]}]},
  "metrics": {:hex, :metrics, "1.0.1", "25f094dea2cda98213cecc3aeff09e940299d950904393b2a29d191c346a8486", [:rebar3], []},
  "mimerl": {:hex, :mimerl, "1.0.2", "993f9b0e084083405ed8252b99460c4f0563e41729ab42d9074fd5e52439be88", [:rebar3], []},
  "p1_mysql": {:hex, :p1_mysql, "1.0.1", "d2be1cfc71bb4f1391090b62b74c3f5cb8e7a45b0076b8cb290cd6b2856c581b", [:rebar3], []},
  "p1_oauth2": {:hex, :p1_oauth2, "0.6.1", "4e021250cc198c538b097393671a41e7cebf463c248980320e038fe0316eb56b", [:rebar3], []},
  "p1_pgsql": {:hex, :p1_pgsql, "1.1.0", "ca525c42878eac095e5feb19563acc9915c845648f48fdec7ba6266c625d4ac7", [:rebar3], []},
  "p1_utils": {:hex, :p1_utils, "1.0.4", "7face65db102b5d1ebe7ad3c7517c5ee8cfbe174c6658e3affbb00eb66e06787", [:rebar3], []},
  "p1_xmlrpc": {:hex, :p1_xmlrpc, "1.15.1", "a382b62dc21bb372281c2488f99294d84f2b4020ed0908a1c4ad710ace3cf35a", [:rebar3], []},
  "sqlite3": {:hex, :sqlite3, "1.1.5", "794738b6d07b6d36ec6d42492cb9d629bad9cf3761617b8b8d728e765db19840", [:rebar3], []},
  "ssl_verify_fun": {:hex, :ssl_verify_fun, "1.1.0", "edee20847c42e379bf91261db474ffbe373f8acb56e9079acb6038d4e0bf414f", [:rebar, :make], []},
  "stringprep": {:hex, :stringprep, "1.0.5", "f29395275c35af5051b29bf875b44ac632dc4d0287880f0e143b536c61fd0ed5", [:rebar3], [{:p1_utils, "1.0.4", [hex: :p1_utils, optional: false]}]},
  "stun": {:hex, :stun, "1.0.6", "1ca9dea574e09f60971bd8de9cb7e34f327cbf435462cf56aa30f05c1ee2f231", [:rebar3], [{:p1_utils, "1.0.4", [hex: :p1_utils, optional: false]}, {:fast_tls, "1.0.6", [hex: :fast_tls, optional: false]}]}}
