%{"cache_tab": {:hex, :cache_tab, "1.0.4", "3fd2b1ab40c36e7830a4e09e836c6b0fa89191cd4e5fd471873e4eb42f5cd37c", [], [{:p1_utils, "1.0.5", [hex: :p1_utils, optional: false]}]},
  "certifi": {:hex, :certifi, "0.7.0", "861a57f3808f7eb0c2d1802afeaae0fa5de813b0df0979153cbafcd853ababaf", [:rebar3], []},
  "connection": {:hex, :connection, "1.0.4", "a1cae72211f0eef17705aaededacac3eb30e6625b04a6117c1b2db6ace7d5976", [:mix], []},
  "earmark": {:hex, :earmark, "1.0.3", "89bdbaf2aca8bbb5c97d8b3b55c5dd0cff517ecc78d417e87f1d0982e514557b", [:mix], []},
  "ejabberd": {:hex, :ejabberd, "16.8.0", "9146b895864e01757319d68bb5e13ce9baedceb66e64ea71e1b780c36c836fc7", [], [{:cache_tab, "~> 1.0", [hex: :cache_tab, optional: false]}, {:eredis, "~> 1.0", [hex: :eredis, optional: false]}, {:esip, "~> 1.0", [hex: :esip, optional: false]}, {:ezlib, "~> 1.0", [hex: :ezlib, optional: false]}, {:fast_tls, "~> 1.0", [hex: :fast_tls, optional: false]}, {:fast_xml, "~> 1.1", [hex: :fast_xml, optional: false]}, {:fast_yaml, "~> 1.0", [hex: :fast_yaml, optional: false]}, {:iconv, "~> 1.0", [hex: :iconv, optional: false]}, {:jiffy, "~> 0.14.7", [hex: :jiffy, optional: false]}, {:lager, "~> 3.2", [hex: :lager, optional: false]}, {:p1_mysql, "~> 1.0", [hex: :p1_mysql, optional: false]}, {:p1_oauth2, "~> 0.6.1", [hex: :p1_oauth2, optional: false]}, {:p1_pgsql, "~> 1.1", [hex: :p1_pgsql, optional: false]}, {:p1_utils, "~> 1.0", [hex: :p1_utils, optional: false]}, {:p1_xmlrpc, "~> 1.15", [hex: :p1_xmlrpc, optional: false]}, {:sqlite3, "~> 1.1", [hex: :sqlite3, optional: false]}, {:stringprep, "~> 1.0", [hex: :stringprep, optional: false]}, {:stun, "~> 1.0", [hex: :stun, optional: false]}]},
  "eredis": {:hex, :eredis, "1.0.8", "ab4fda1c4ba7fbe6c19c26c249dc13da916d762502c4b4fa2df401a8d51c5364", [], []},
  "esip": {:hex, :esip, "1.0.8", "69885a6c07964aabc6c077fe1372aa810a848bd3d9a415b160dabdce9c7a79b5", [], [{:fast_tls, "1.0.7", [hex: :fast_tls, optional: false]}, {:p1_utils, "1.0.5", [hex: :p1_utils, optional: false]}, {:stun, "1.0.7", [hex: :stun, optional: false]}]},
  "ex_doc": {:hex, :ex_doc, "0.14.3", "e61cec6cf9731d7d23d254266ab06ac1decbb7651c3d1568402ec535d387b6f7", [:mix], [{:earmark, "~> 1.0", [hex: :earmark, optional: false]}]},
  "excoveralls": {:hex, :excoveralls, "0.5.7", "5d26e4a7cdf08294217594a1b0643636accc2ad30e984d62f1d166f70629ff50", [:mix], [{:exjsx, "~> 3.0", [hex: :exjsx, optional: false]}, {:hackney, ">= 0.12.0", [hex: :hackney, optional: false]}]},
  "exjsx": {:hex, :exjsx, "3.2.1", "1bc5bf1e4fd249104178f0885030bcd75a4526f4d2a1e976f4b428d347614f0f", [:mix], [{:jsx, "~> 2.8.0", [hex: :jsx, optional: false]}]},
  "ezlib": {:hex, :ezlib, "1.0.1", "add8b2770a1a70c174aaea082b4a8668c0c7fdb03ee6cc81c6c68d3a6c3d767d", [], []},
  "fast_tls": {:hex, :fast_tls, "1.0.7", "9b72ecfcdcad195ab072c196fab8334f49d8fea76bf1a51f536d69e7527d902a", [], [{:p1_utils, "1.0.5", [hex: :p1_utils, optional: false]}]},
  "fast_xml": {:hex, :fast_xml, "1.1.15", "6d23eb7f874e1357cf80a48d75a7bd0c8f6318029dc4b70122e9f54911f57f83", [], [{:p1_utils, "1.0.5", [hex: :p1_utils, optional: false]}]},
  "fast_yaml": {:hex, :fast_yaml, "1.0.6", "3fe6feb7935ae8028b337e53e1db29e73ad3bca8041108f6a8f73b7175ece75c", [], [{:p1_utils, "1.0.5", [hex: :p1_utils, optional: false]}]},
  "goldrush": {:hex, :goldrush, "0.1.8", "2024ba375ceea47e27ea70e14d2c483b2d8610101b4e852ef7f89163cdb6e649", [], []},
  "hackney": {:hex, :hackney, "1.6.3", "d489d7ca2d4323e307bedc4bfe684323a7bf773ecfd77938f3ee8074e488e140", [:mix, :rebar3], [{:certifi, "0.7.0", [hex: :certifi, optional: false]}, {:idna, "1.2.0", [hex: :idna, optional: false]}, {:metrics, "1.0.1", [hex: :metrics, optional: false]}, {:mimerl, "1.0.2", [hex: :mimerl, optional: false]}, {:ssl_verify_fun, "1.1.1", [hex: :ssl_verify_fun, optional: false]}]},
  "iconv": {:hex, :iconv, "1.0.2", "a0792f06ab4b5ea1b5bb49789405739f1281a91c44cf3879cb70e4d777666217", [], [{:p1_utils, "1.0.5", [hex: :p1_utils, optional: false]}]},
  "idna": {:hex, :idna, "1.2.0", "ac62ee99da068f43c50dc69acf700e03a62a348360126260e87f2b54eced86b2", [], []},
  "jiffy": {:hex, :jiffy, "0.14.7", "9f33b893edd6041ceae03bc1e50b412e858cc80b46f3d7535a7a9940a79a1c37", [], []},
  "jsx": {:hex, :jsx, "2.8.0", "749bec6d205c694ae1786d62cea6cc45a390437e24835fd16d12d74f07097727", [:mix, :rebar], []},
  "lager": {:hex, :lager, "3.2.1", "eef4e18b39e4195d37606d9088ea05bf1b745986cf8ec84f01d332456fe88d17", [], [{:goldrush, "0.1.8", [hex: :goldrush, optional: false]}]},
  "metrics": {:hex, :metrics, "1.0.1", "25f094dea2cda98213cecc3aeff09e940299d950904393b2a29d191c346a8486", [], []},
  "mimerl": {:hex, :mimerl, "1.0.2", "993f9b0e084083405ed8252b99460c4f0563e41729ab42d9074fd5e52439be88", [], []},
  "p1_mysql": {:hex, :p1_mysql, "1.0.1", "d2be1cfc71bb4f1391090b62b74c3f5cb8e7a45b0076b8cb290cd6b2856c581b", [], []},
  "p1_oauth2": {:hex, :p1_oauth2, "0.6.1", "4e021250cc198c538b097393671a41e7cebf463c248980320e038fe0316eb56b", [], []},
  "p1_pgsql": {:hex, :p1_pgsql, "1.1.0", "ca525c42878eac095e5feb19563acc9915c845648f48fdec7ba6266c625d4ac7", [], []},
  "p1_utils": {:hex, :p1_utils, "1.0.5", "3e698354fdc1fea5491d991457b0cb986c0a00a47d224feb841dc3ec82b9f721", [], []},
  "p1_xmlrpc": {:hex, :p1_xmlrpc, "1.15.1", "a382b62dc21bb372281c2488f99294d84f2b4020ed0908a1c4ad710ace3cf35a", [], []},
  "sqlite3": {:hex, :sqlite3, "1.1.5", "794738b6d07b6d36ec6d42492cb9d629bad9cf3761617b8b8d728e765db19840", [], []},
  "ssl_verify_fun": {:hex, :ssl_verify_fun, "1.1.1", "28a4d65b7f59893bc2c7de786dec1e1555bd742d336043fe644ae956c3497fbe", [:make, :rebar], []},
  "stringprep": {:hex, :stringprep, "1.0.6", "1cf1c439eb038aa590da5456e019f86afbfbfeb5a2d37b6e5f873041624c6701", [], [{:p1_utils, "1.0.5", [hex: :p1_utils, optional: false]}]},
  "stun": {:hex, :stun, "1.0.7", "904dc6f26a3c30c54881c4c3003699f2a4968067ee6b3aecdf9895aad02df75e", [], [{:fast_tls, "1.0.7", [hex: :fast_tls, optional: false]}, {:p1_utils, "1.0.5", [hex: :p1_utils, optional: false]}]}}
