%{"cache_tab": {:hex, :cache_tab, "1.0.2"},
  "certifi": {:hex, :certifi, "0.4.0"},
  "connection": {:hex, :connection, "1.0.2"},
  "earmark": {:hex, :earmark, "0.2.1"},
  "ejabberd": {:hex, :ejabberd, "16.3.0"},
  "eredis": {:hex, :eredis, "1.0.8"},
  "esip": {:hex, :esip, "1.0.2"},
  "ex_doc": {:hex, :ex_doc, "0.11.4"},
  "excoveralls": {:hex, :excoveralls, "0.5.2"},
  "exjsx": {:hex, :exjsx, "3.2.0"},
  "ezlib": {:hex, :ezlib, "1.0.1"},
  "fast_tls": {:hex, :fast_tls, "1.0.1"},
  "fast_xml": {:hex, :fast_xml, "1.1.11"},
  "fast_yaml": {:hex, :fast_yaml, "1.0.3"},
  "goldrush": {:hex, :goldrush, "0.1.7"},
  "hackney": {:hex, :hackney, "1.6.0"},
  "iconv": {:hex, :iconv, "1.0.0"},
  "idna": {:hex, :idna, "1.2.0"},
  "jiffy": {:hex, :jiffy, "0.14.7"},
  "jsx": {:hex, :jsx, "2.6.2"},
  "lager": {:hex, :lager, "3.0.2"},
  "metrics": {:hex, :metrics, "1.0.1"},
  "mimerl": {:hex, :mimerl, "1.0.2"},
  "p1_mysql": {:hex, :p1_mysql, "1.0.1"},
  "p1_oauth2": {:hex, :p1_oauth2, "0.6.1"},
  "p1_pgsql": {:hex, :p1_pgsql, "1.1.0"},
  "p1_utils": {:hex, :p1_utils, "1.0.3"},
  "p1_xmlrpc": {:hex, :p1_xmlrpc, "1.15.1"},
  "sqlite3": {:hex, :sqlite3, "1.1.5"},
  "ssl_verify_fun": {:hex, :ssl_verify_fun, "1.1.0"},
  "stringprep": {:hex, :stringprep, "1.0.3"},
  "stun": {:hex, :stun, "1.0.1"}}
